
Microsoft Visual Studio Solution File, Format Version 12.00
# Visual Studio Version 17
VisualStudioVersion = 17.10.34916.146
MinimumVisualStudioVersion = 10.0.40219.1
Project("{FAE04EC0-301F-11D3-BF4B-00C04F79EFBC}") = "learningapp", "learningapp\learningapp.csproj", "{2448D835-8DEF-4A6F-945F-88EB7FAE343D}"
EndProject
Global
	GlobalSection(SolutionConfigurationPlatforms) = preSolution
		Debug|Any CPU = Debug|Any CPU
		Release|Any CPU = Release|Any CPU
	EndGlobalSection
	GlobalSection(ProjectConfigurationPlatforms) = postSolution
		{2448D835-8DEF-4A6F-945F-88EB7FAE343D}.Debug|Any CPU.ActiveCfg = Debug|Any CPU
		{2448D835-8DEF-4A6F-945F-88EB7FAE343D}.Debug|Any CPU.Build.0 = Debug|Any CPU
		{2448D835-8DEF-4A6F-945F-88EB7FAE343D}.Release|Any CPU.ActiveCfg = Release|Any CPU
		{2448D835-8DEF-4A6F-945F-88EB7FAE343D}.Release|Any CPU.Build.0 = Release|Any CPU
	EndGlobalSection
	GlobalSection(SolutionProperties) = preSolution
		HideSolutionNode = FALSE
	EndGlobalSection
	GlobalSection(ExtensibilityGlobals) = postSolution
		SolutionGuid = {35FB7F23-8823-4DF8-892E-64859158A18E}
	EndGlobalSection
EndGlobal
